
Microsoft Visual Studio Solution File, Format Version 12.00
# Visual Studio Version 16
VisualStudioVersion = 16.0.29519.181
MinimumVisualStudioVersion = 10.0.40219.1
Project("{FAE04EC0-301F-11D3-BF4B-00C04F79EFBC}") = "Exercise15", "Exercise15\Exercise15.csproj", "{D4D4015C-8441-4342-86C2-13BC36B639CE}"
EndProject
Global
	GlobalSection(SolutionConfigurationPlatforms) = preSolution
		Debug|Any CPU = Debug|Any CPU
		Release|Any CPU = Release|Any CPU
	EndGlobalSection
	GlobalSection(ProjectConfigurationPlatforms) = postSolution
		{D4D4015C-8441-4342-86C2-13BC36B639CE}.Debug|Any CPU.ActiveCfg = Debug|Any CPU
		{D4D4015C-8441-4342-86C2-13BC36B639CE}.Debug|Any CPU.Build.0 = Debug|Any CPU
		{D4D4015C-8441-4342-86C2-13BC36B639CE}.Release|Any CPU.ActiveCfg = Release|Any CPU
		{D4D4015C-8441-4342-86C2-13BC36B639CE}.Release|Any CPU.Build.0 = Release|Any CPU
	EndGlobalSection
	GlobalSection(SolutionProperties) = preSolution
		HideSolutionNode = FALSE
	EndGlobalSection
	GlobalSection(ExtensibilityGlobals) = postSolution
		SolutionGuid = {006E41D6-665B-4E63-A1CE-98F6E29E24EB}
	EndGlobalSection
EndGlobal
